
Microsoft Visual Studio Solution File, Format Version 12.00
# Visual Studio 14
VisualStudioVersion = 14.0.25420.1
MinimumVisualStudioVersion = 10.0.40219.1
Project("{FAE04EC0-301F-11D3-BF4B-00C04F79EFBC}") = "A15147442-CON", "A15147442-CON\A15147442-CON.csproj", "{8F2E9A41-9540-4109-B99C-07B6770275F7}"
EndProject
Project("{FAE04EC0-301F-11D3-BF4B-00C04F79EFBC}") = "A15147442-ENT", "A15147442-ENT\A15147442-ENT.csproj", "{1EEC6A0C-A406-4407-A223-735001A3B6A1}"
EndProject
Project("{FAE04EC0-301F-11D3-BF4B-00C04F79EFBC}") = "A15147442-PER", "A15147442-PER\A15147442-PER.csproj", "{3A235C35-D212-4070-A705-5B4560EB54A5}"
EndProject
Project("{FAE04EC0-301F-11D3-BF4B-00C04F79EFBC}") = "A15147442-MVC", "A15147442-MVC\A15147442-MVC.csproj", "{45241223-9CB0-469F-BBA3-AC94BAC4DC1C}"
EndProject
Project("{FAE04EC0-301F-11D3-BF4B-00C04F79EFBC}") = "A15147442-API", "A15147442-API\A15147442-API.csproj", "{A32DA3A8-8E93-43B2-8531-65B6B029670D}"
EndProject
Global
	GlobalSection(SolutionConfigurationPlatforms) = preSolution
		Debug|Any CPU = Debug|Any CPU
		Release|Any CPU = Release|Any CPU
	EndGlobalSection
	GlobalSection(ProjectConfigurationPlatforms) = postSolution
		{8F2E9A41-9540-4109-B99C-07B6770275F7}.Debug|Any CPU.ActiveCfg = Debug|Any CPU
		{8F2E9A41-9540-4109-B99C-07B6770275F7}.Debug|Any CPU.Build.0 = Debug|Any CPU
		{8F2E9A41-9540-4109-B99C-07B6770275F7}.Release|Any CPU.ActiveCfg = Release|Any CPU
		{8F2E9A41-9540-4109-B99C-07B6770275F7}.Release|Any CPU.Build.0 = Release|Any CPU
		{1EEC6A0C-A406-4407-A223-735001A3B6A1}.Debug|Any CPU.ActiveCfg = Debug|Any CPU
		{1EEC6A0C-A406-4407-A223-735001A3B6A1}.Debug|Any CPU.Build.0 = Debug|Any CPU
		{1EEC6A0C-A406-4407-A223-735001A3B6A1}.Release|Any CPU.ActiveCfg = Release|Any CPU
		{1EEC6A0C-A406-4407-A223-735001A3B6A1}.Release|Any CPU.Build.0 = Release|Any CPU
		{3A235C35-D212-4070-A705-5B4560EB54A5}.Debug|Any CPU.ActiveCfg = Debug|Any CPU
		{3A235C35-D212-4070-A705-5B4560EB54A5}.Debug|Any CPU.Build.0 = Debug|Any CPU
		{3A235C35-D212-4070-A705-5B4560EB54A5}.Release|Any CPU.ActiveCfg = Release|Any CPU
		{3A235C35-D212-4070-A705-5B4560EB54A5}.Release|Any CPU.Build.0 = Release|Any CPU
		{45241223-9CB0-469F-BBA3-AC94BAC4DC1C}.Debug|Any CPU.ActiveCfg = Debug|Any CPU
		{45241223-9CB0-469F-BBA3-AC94BAC4DC1C}.Debug|Any CPU.Build.0 = Debug|Any CPU
		{45241223-9CB0-469F-BBA3-AC94BAC4DC1C}.Release|Any CPU.ActiveCfg = Release|Any CPU
		{45241223-9CB0-469F-BBA3-AC94BAC4DC1C}.Release|Any CPU.Build.0 = Release|Any CPU
		{A32DA3A8-8E93-43B2-8531-65B6B029670D}.Debug|Any CPU.ActiveCfg = Debug|Any CPU
		{A32DA3A8-8E93-43B2-8531-65B6B029670D}.Debug|Any CPU.Build.0 = Debug|Any CPU
		{A32DA3A8-8E93-43B2-8531-65B6B029670D}.Release|Any CPU.ActiveCfg = Release|Any CPU
		{A32DA3A8-8E93-43B2-8531-65B6B029670D}.Release|Any CPU.Build.0 = Release|Any CPU
	EndGlobalSection
	GlobalSection(SolutionProperties) = preSolution
		HideSolutionNode = FALSE
	EndGlobalSection
EndGlobal
